
Microsoft Visual Studio Solution File, Format Version 12.00
# Visual Studio Version 17
VisualStudioVersion = 17.0.32112.339
MinimumVisualStudioVersion = 10.0.40219.1
Project("{FAE04EC0-301F-11D3-BF4B-00C04F79EFBC}") = "ScalableWebapp", "ScalableWebapp\ScalableWebapp.csproj", "{41E2E4CB-F8A4-49EC-BCAE-CA47CB14BDD4}"
EndProject
Global
	GlobalSection(SolutionConfigurationPlatforms) = preSolution
		Debug|Any CPU = Debug|Any CPU
		Release|Any CPU = Release|Any CPU
	EndGlobalSection
	GlobalSection(ProjectConfigurationPlatforms) = postSolution
		{41E2E4CB-F8A4-49EC-BCAE-CA47CB14BDD4}.Debug|Any CPU.ActiveCfg = Debug|Any CPU
		{41E2E4CB-F8A4-49EC-BCAE-CA47CB14BDD4}.Debug|Any CPU.Build.0 = Debug|Any CPU
		{41E2E4CB-F8A4-49EC-BCAE-CA47CB14BDD4}.Release|Any CPU.ActiveCfg = Release|Any CPU
		{41E2E4CB-F8A4-49EC-BCAE-CA47CB14BDD4}.Release|Any CPU.Build.0 = Release|Any CPU
	EndGlobalSection
	GlobalSection(SolutionProperties) = preSolution
		HideSolutionNode = FALSE
	EndGlobalSection
	GlobalSection(ExtensibilityGlobals) = postSolution
		SolutionGuid = {A50897CB-FCFD-4AF0-99E5-24520AE0FAF2}
	EndGlobalSection
EndGlobal
